
Microsoft Visual Studio Solution File, Format Version 12.00
# Visual Studio Version 16
VisualStudioVersion = 16.0.33529.622
MinimumVisualStudioVersion = 10.0.40219.1
Project("{FAE04EC0-301F-11D3-BF4B-00C04F79EFBC}") = "Website1", "Website1\Website1.csproj", "{5108F4D4-5AD2-4E41-B123-375C062593CA}"
EndProject
Project("{FAE04EC0-301F-11D3-BF4B-00C04F79EFBC}") = "Thuvien", "Thuvien\Thuvien.csproj", "{D1B232F7-2AE9-4F24-A323-BC364AD418E2}"
EndProject
Project("{FAE04EC0-301F-11D3-BF4B-00C04F79EFBC}") = "Website2", "Website2\Website2.csproj", "{C0168AA7-A4ED-4DDD-BC28-444EA48ECC5A}"
EndProject
Global
	GlobalSection(SolutionConfigurationPlatforms) = preSolution
		Debug|Any CPU = Debug|Any CPU
		Release|Any CPU = Release|Any CPU
	EndGlobalSection
	GlobalSection(ProjectConfigurationPlatforms) = postSolution
		{5108F4D4-5AD2-4E41-B123-375C062593CA}.Debug|Any CPU.ActiveCfg = Debug|Any CPU
		{5108F4D4-5AD2-4E41-B123-375C062593CA}.Debug|Any CPU.Build.0 = Debug|Any CPU
		{5108F4D4-5AD2-4E41-B123-375C062593CA}.Release|Any CPU.ActiveCfg = Release|Any CPU
		{5108F4D4-5AD2-4E41-B123-375C062593CA}.Release|Any CPU.Build.0 = Release|Any CPU
		{D1B232F7-2AE9-4F24-A323-BC364AD418E2}.Debug|Any CPU.ActiveCfg = Debug|Any CPU
		{D1B232F7-2AE9-4F24-A323-BC364AD418E2}.Debug|Any CPU.Build.0 = Debug|Any CPU
		{D1B232F7-2AE9-4F24-A323-BC364AD418E2}.Release|Any CPU.ActiveCfg = Release|Any CPU
		{D1B232F7-2AE9-4F24-A323-BC364AD418E2}.Release|Any CPU.Build.0 = Release|Any CPU
		{C0168AA7-A4ED-4DDD-BC28-444EA48ECC5A}.Debug|Any CPU.ActiveCfg = Debug|Any CPU
		{C0168AA7-A4ED-4DDD-BC28-444EA48ECC5A}.Debug|Any CPU.Build.0 = Debug|Any CPU
		{C0168AA7-A4ED-4DDD-BC28-444EA48ECC5A}.Release|Any CPU.ActiveCfg = Release|Any CPU
		{C0168AA7-A4ED-4DDD-BC28-444EA48ECC5A}.Release|Any CPU.Build.0 = Release|Any CPU
	EndGlobalSection
	GlobalSection(SolutionProperties) = preSolution
		HideSolutionNode = FALSE
	EndGlobalSection
	GlobalSection(ExtensibilityGlobals) = postSolution
		SolutionGuid = {31AF64CB-F502-4D11-A606-5EF44BAE6428}
	EndGlobalSection
EndGlobal
